
Microsoft Visual Studio Solution File, Format Version 12.00
# Visual Studio 15
VisualStudioVersion = 15.0.27004.2010
MinimumVisualStudioVersion = 10.0.40219.1
Project("{FAE04EC0-301F-11D3-BF4B-00C04F79EFBC}") = "CncCalculator", "CncCalculator\CncCalculator.csproj", "{E2721E7F-1C2E-4378-9838-BE66613D3C8D}"
EndProject
Project("{FAE04EC0-301F-11D3-BF4B-00C04F79EFBC}") = "libScaledType", "libScaledType\libScaledType.csproj", "{D00E1081-0A3C-492E-BFCE-741A08A21180}"
EndProject
Global
	GlobalSection(SubversionScc) = preSolution
		Svn-Managed = True
		Manager = AnkhSVN - Subversion Support for Visual Studio
	EndGlobalSection
	GlobalSection(SolutionConfigurationPlatforms) = preSolution
		Debug|Any CPU = Debug|Any CPU
		Release|Any CPU = Release|Any CPU
	EndGlobalSection
	GlobalSection(ProjectConfigurationPlatforms) = postSolution
		{E2721E7F-1C2E-4378-9838-BE66613D3C8D}.Debug|Any CPU.ActiveCfg = Debug|Any CPU
		{E2721E7F-1C2E-4378-9838-BE66613D3C8D}.Debug|Any CPU.Build.0 = Debug|Any CPU
		{E2721E7F-1C2E-4378-9838-BE66613D3C8D}.Release|Any CPU.ActiveCfg = Release|Any CPU
		{E2721E7F-1C2E-4378-9838-BE66613D3C8D}.Release|Any CPU.Build.0 = Release|Any CPU
		{D00E1081-0A3C-492E-BFCE-741A08A21180}.Debug|Any CPU.ActiveCfg = Debug|Any CPU
		{D00E1081-0A3C-492E-BFCE-741A08A21180}.Debug|Any CPU.Build.0 = Debug|Any CPU
		{D00E1081-0A3C-492E-BFCE-741A08A21180}.Release|Any CPU.ActiveCfg = Release|Any CPU
		{D00E1081-0A3C-492E-BFCE-741A08A21180}.Release|Any CPU.Build.0 = Release|Any CPU
	EndGlobalSection
	GlobalSection(SolutionProperties) = preSolution
		HideSolutionNode = FALSE
	EndGlobalSection
	GlobalSection(ExtensibilityGlobals) = postSolution
		SolutionGuid = {5B4290B7-BB97-4B88-AA70-26C917D77985}
	EndGlobalSection
EndGlobal
